
Microsoft Visual Studio Solution File, Format Version 12.00
# Visual Studio Version 17
VisualStudioVersion = 17.0.31903.59
MinimumVisualStudioVersion = 10.0.40219.1
Project("{2150E333-8FDC-42A3-9474-1A3956D46DE8}") = "weatherStation", "weatherStation", "{271E7909-CEFF-ECD7-129E-DE9139C7E30C}"
EndProject
Project("{FAE04EC0-301F-11D3-BF4B-00C04F79EFBC}") = "API", "weatherStation\API\API.csproj", "{7D9ED40B-8F05-418C-8B41-D5920F838609}"
EndProject
Project("{FAE04EC0-301F-11D3-BF4B-00C04F79EFBC}") = "Persistence", "weatherStation\Persistence\Persistence.csproj", "{3FBEB427-E119-47EC-B737-E113A63B16EF}"
EndProject
Project("{FAE04EC0-301F-11D3-BF4B-00C04F79EFBC}") = "WeatherStation.Tests", "weatherStation\WeatherStation.Tests\WeatherStation.Tests.csproj", "{A2766141-1980-4D8B-A5A8-B0B2613132B5}"
EndProject
Project("{2150E333-8FDC-42A3-9474-1A3956D46DE8}") = "Solution Items", "Solution Items", "{8A46F8E8-E3A2-44A9-A8AB-5A48B289C33F}"
	ProjectSection(SolutionItems) = preProject
		Dockerfile = Dockerfile
		docker-compose.yml = docker-compose.yml
	EndProjectSection
EndProject
Global
	GlobalSection(SolutionConfigurationPlatforms) = preSolution
		Debug|Any CPU = Debug|Any CPU
		Debug|x64 = Debug|x64
		Debug|x86 = Debug|x86
		Release|Any CPU = Release|Any CPU
		Release|x64 = Release|x64
		Release|x86 = Release|x86
	EndGlobalSection
	GlobalSection(ProjectConfigurationPlatforms) = postSolution
		{7D9ED40B-8F05-418C-8B41-D5920F838609}.Debug|Any CPU.ActiveCfg = Debug|Any CPU
		{7D9ED40B-8F05-418C-8B41-D5920F838609}.Debug|Any CPU.Build.0 = Debug|Any CPU
		{7D9ED40B-8F05-418C-8B41-D5920F838609}.Debug|x64.ActiveCfg = Debug|Any CPU
		{7D9ED40B-8F05-418C-8B41-D5920F838609}.Debug|x64.Build.0 = Debug|Any CPU
		{7D9ED40B-8F05-418C-8B41-D5920F838609}.Debug|x86.ActiveCfg = Debug|Any CPU
		{7D9ED40B-8F05-418C-8B41-D5920F838609}.Debug|x86.Build.0 = Debug|Any CPU
		{7D9ED40B-8F05-418C-8B41-D5920F838609}.Release|Any CPU.ActiveCfg = Release|Any CPU
		{7D9ED40B-8F05-418C-8B41-D5920F838609}.Release|Any CPU.Build.0 = Release|Any CPU
		{7D9ED40B-8F05-418C-8B41-D5920F838609}.Release|x64.ActiveCfg = Release|Any CPU
		{7D9ED40B-8F05-418C-8B41-D5920F838609}.Release|x64.Build.0 = Release|Any CPU
		{7D9ED40B-8F05-418C-8B41-D5920F838609}.Release|x86.ActiveCfg = Release|Any CPU
		{7D9ED40B-8F05-418C-8B41-D5920F838609}.Release|x86.Build.0 = Release|Any CPU
		{3FBEB427-E119-47EC-B737-E113A63B16EF}.Debug|Any CPU.ActiveCfg = Debug|Any CPU
		{3FBEB427-E119-47EC-B737-E113A63B16EF}.Debug|Any CPU.Build.0 = Debug|Any CPU
		{3FBEB427-E119-47EC-B737-E113A63B16EF}.Debug|x64.ActiveCfg = Debug|Any CPU
		{3FBEB427-E119-47EC-B737-E113A63B16EF}.Debug|x64.Build.0 = Debug|Any CPU
		{3FBEB427-E119-47EC-B737-E113A63B16EF}.Debug|x86.ActiveCfg = Debug|Any CPU
		{3FBEB427-E119-47EC-B737-E113A63B16EF}.Debug|x86.Build.0 = Debug|Any CPU
		{3FBEB427-E119-47EC-B737-E113A63B16EF}.Release|Any CPU.ActiveCfg = Release|Any CPU
		{3FBEB427-E119-47EC-B737-E113A63B16EF}.Release|Any CPU.Build.0 = Release|Any CPU
		{3FBEB427-E119-47EC-B737-E113A63B16EF}.Release|x64.ActiveCfg = Release|Any CPU
		{3FBEB427-E119-47EC-B737-E113A63B16EF}.Release|x64.Build.0 = Release|Any CPU
		{3FBEB427-E119-47EC-B737-E113A63B16EF}.Release|x86.ActiveCfg = Release|Any CPU
		{3FBEB427-E119-47EC-B737-E113A63B16EF}.Release|x86.Build.0 = Release|Any CPU
		{A2766141-1980-4D8B-A5A8-B0B2613132B5}.Debug|Any CPU.ActiveCfg = Debug|Any CPU
		{A2766141-1980-4D8B-A5A8-B0B2613132B5}.Debug|Any CPU.Build.0 = Debug|Any CPU
		{A2766141-1980-4D8B-A5A8-B0B2613132B5}.Debug|x64.ActiveCfg = Debug|Any CPU
		{A2766141-1980-4D8B-A5A8-B0B2613132B5}.Debug|x64.Build.0 = Debug|Any CPU
		{A2766141-1980-4D8B-A5A8-B0B2613132B5}.Debug|x86.ActiveCfg = Debug|Any CPU
		{A2766141-1980-4D8B-A5A8-B0B2613132B5}.Debug|x86.Build.0 = Debug|Any CPU
		{A2766141-1980-4D8B-A5A8-B0B2613132B5}.Release|Any CPU.ActiveCfg = Release|Any CPU
		{A2766141-1980-4D8B-A5A8-B0B2613132B5}.Release|Any CPU.Build.0 = Release|Any CPU
		{A2766141-1980-4D8B-A5A8-B0B2613132B5}.Release|x64.ActiveCfg = Release|Any CPU
		{A2766141-1980-4D8B-A5A8-B0B2613132B5}.Release|x64.Build.0 = Release|Any CPU
		{A2766141-1980-4D8B-A5A8-B0B2613132B5}.Release|x86.ActiveCfg = Release|Any CPU
		{A2766141-1980-4D8B-A5A8-B0B2613132B5}.Release|x86.Build.0 = Release|Any CPU
	EndGlobalSection
	GlobalSection(SolutionProperties) = preSolution
		HideSolutionNode = FALSE
	EndGlobalSection
	GlobalSection(NestedProjects) = preSolution
		{7D9ED40B-8F05-418C-8B41-D5920F838609} = {271E7909-CEFF-ECD7-129E-DE9139C7E30C}
		{3FBEB427-E119-47EC-B737-E113A63B16EF} = {271E7909-CEFF-ECD7-129E-DE9139C7E30C}
		{A2766141-1980-4D8B-A5A8-B0B2613132B5} = {271E7909-CEFF-ECD7-129E-DE9139C7E30C}
		{8A46F8E8-E3A2-44A9-A8AB-5A48B289C33F} = {271E7909-CEFF-ECD7-129E-DE9139C7E30C}
	EndGlobalSection
EndGlobal
